
Microsoft Visual Studio Solution File, Format Version 12.00
# Visual Studio 15
VisualStudioVersion = 15.0.27004.2005
MinimumVisualStudioVersion = 10.0.40219.1
Project("{FAE04EC0-301F-11D3-BF4B-00C04F79EFBC}") = "DragonFiesta.Login", "DragonFiesta.Login\DragonFiesta.Login.csproj", "{3CBF5471-065D-4761-8A05-72DCF95336B0}"
EndProject
Project("{FAE04EC0-301F-11D3-BF4B-00C04F79EFBC}") = "DragonFiesta.World", "DragonFiesta.World\DragonFiesta.World.csproj", "{02FE33AF-1E06-4F71-8549-84400F59FE91}"
EndProject
Project("{FAE04EC0-301F-11D3-BF4B-00C04F79EFBC}") = "DragonFiesta.Zone", "DragonFiesta.Zone\DragonFiesta.Zone.csproj", "{7BCF5421-0C1E-45E6-BC42-C4F59E386251}"
EndProject
Project("{FAE04EC0-301F-11D3-BF4B-00C04F79EFBC}") = "DragonFiesta.Messages", "DragonFiesta.Messages\DragonFiesta.Messages.csproj", "{6ED5FDE1-4722-4566-BFDA-41C8FDC8872C}"
EndProject
Project("{FAE04EC0-301F-11D3-BF4B-00C04F79EFBC}") = "DragonFiesta.Utils", "DragonFiesta.Utils\DragonFiesta.Utils.csproj", "{4C75A441-9386-41A2-B113-7B03A2305563}"
EndProject
Project("{FAE04EC0-301F-11D3-BF4B-00C04F79EFBC}") = "DragonFiesta.Game", "DragonFiesta.Game\DragonFiesta.Game.csproj", "{108CCE99-ABD4-4373-B694-3B4A74F658A3}"
EndProject
Project("{FAE04EC0-301F-11D3-BF4B-00C04F79EFBC}") = "DragonFiesta.Providers", "DragonFiesta.Providers\DragonFiesta.Providers.csproj", "{FFDEF520-3ED2-416D-AC57-12BB20D20328}"
EndProject
Project("{FAE04EC0-301F-11D3-BF4B-00C04F79EFBC}") = "DragonFiesta.Networking", "DragonFiesta.Networking\DragonFiesta.Networking.csproj", "{4CB4CE03-1BEB-4FFF-923C-CA28723288DD}"
EndProject
Project("{2150E333-8FDC-42A3-9474-1A3956D46DE8}") = "Server", "Server", "{8CCB412E-A7BB-4353-BB5F-229482A4BBD6}"
EndProject
Project("{2150E333-8FDC-42A3-9474-1A3956D46DE8}") = "Libray", "Libray", "{3D913FFE-260C-4C06-B09E-4B0AC8452ADC}"
EndProject
Global
	GlobalSection(SolutionConfigurationPlatforms) = preSolution
		Debug|Any CPU = Debug|Any CPU
		Debug|x64 = Debug|x64
		Debug|x86 = Debug|x86
		Release|Any CPU = Release|Any CPU
		Release|x64 = Release|x64
		Release|x86 = Release|x86
	EndGlobalSection
	GlobalSection(ProjectConfigurationPlatforms) = postSolution
		{3CBF5471-065D-4761-8A05-72DCF95336B0}.Debug|Any CPU.ActiveCfg = Debug|Any CPU
		{3CBF5471-065D-4761-8A05-72DCF95336B0}.Debug|Any CPU.Build.0 = Debug|Any CPU
		{3CBF5471-065D-4761-8A05-72DCF95336B0}.Debug|x64.ActiveCfg = Debug|x64
		{3CBF5471-065D-4761-8A05-72DCF95336B0}.Debug|x64.Build.0 = Debug|x64
		{3CBF5471-065D-4761-8A05-72DCF95336B0}.Debug|x86.ActiveCfg = Debug|x86
		{3CBF5471-065D-4761-8A05-72DCF95336B0}.Debug|x86.Build.0 = Debug|x86
		{3CBF5471-065D-4761-8A05-72DCF95336B0}.Release|Any CPU.ActiveCfg = Release|Any CPU
		{3CBF5471-065D-4761-8A05-72DCF95336B0}.Release|Any CPU.Build.0 = Release|Any CPU
		{3CBF5471-065D-4761-8A05-72DCF95336B0}.Release|x64.ActiveCfg = Release|x64
		{3CBF5471-065D-4761-8A05-72DCF95336B0}.Release|x64.Build.0 = Release|x64
		{3CBF5471-065D-4761-8A05-72DCF95336B0}.Release|x86.ActiveCfg = Release|x64
		{3CBF5471-065D-4761-8A05-72DCF95336B0}.Release|x86.Build.0 = Release|x64
		{02FE33AF-1E06-4F71-8549-84400F59FE91}.Debug|Any CPU.ActiveCfg = Debug|Any CPU
		{02FE33AF-1E06-4F71-8549-84400F59FE91}.Debug|Any CPU.Build.0 = Debug|Any CPU
		{02FE33AF-1E06-4F71-8549-84400F59FE91}.Debug|x64.ActiveCfg = Debug|x64
		{02FE33AF-1E06-4F71-8549-84400F59FE91}.Debug|x64.Build.0 = Debug|x64
		{02FE33AF-1E06-4F71-8549-84400F59FE91}.Debug|x86.ActiveCfg = Debug|x86
		{02FE33AF-1E06-4F71-8549-84400F59FE91}.Debug|x86.Build.0 = Debug|x86
		{02FE33AF-1E06-4F71-8549-84400F59FE91}.Release|Any CPU.ActiveCfg = Release|Any CPU
		{02FE33AF-1E06-4F71-8549-84400F59FE91}.Release|Any CPU.Build.0 = Release|Any CPU
		{02FE33AF-1E06-4F71-8549-84400F59FE91}.Release|x64.ActiveCfg = Release|x64
		{02FE33AF-1E06-4F71-8549-84400F59FE91}.Release|x64.Build.0 = Release|x64
		{02FE33AF-1E06-4F71-8549-84400F59FE91}.Release|x86.ActiveCfg = Release|x64
		{02FE33AF-1E06-4F71-8549-84400F59FE91}.Release|x86.Build.0 = Release|x64
		{7BCF5421-0C1E-45E6-BC42-C4F59E386251}.Debug|Any CPU.ActiveCfg = Debug|Any CPU
		{7BCF5421-0C1E-45E6-BC42-C4F59E386251}.Debug|Any CPU.Build.0 = Debug|Any CPU
		{7BCF5421-0C1E-45E6-BC42-C4F59E386251}.Debug|x64.ActiveCfg = Debug|x64
		{7BCF5421-0C1E-45E6-BC42-C4F59E386251}.Debug|x64.Build.0 = Debug|x64
		{7BCF5421-0C1E-45E6-BC42-C4F59E386251}.Debug|x86.ActiveCfg = Debug|x86
		{7BCF5421-0C1E-45E6-BC42-C4F59E386251}.Debug|x86.Build.0 = Debug|x86
		{7BCF5421-0C1E-45E6-BC42-C4F59E386251}.Release|Any CPU.ActiveCfg = Release|Any CPU
		{7BCF5421-0C1E-45E6-BC42-C4F59E386251}.Release|Any CPU.Build.0 = Release|Any CPU
		{7BCF5421-0C1E-45E6-BC42-C4F59E386251}.Release|x64.ActiveCfg = Release|x64
		{7BCF5421-0C1E-45E6-BC42-C4F59E386251}.Release|x64.Build.0 = Release|x64
		{7BCF5421-0C1E-45E6-BC42-C4F59E386251}.Release|x86.ActiveCfg = Release|x64
		{7BCF5421-0C1E-45E6-BC42-C4F59E386251}.Release|x86.Build.0 = Release|x64
		{6ED5FDE1-4722-4566-BFDA-41C8FDC8872C}.Debug|Any CPU.ActiveCfg = Debug|Any CPU
		{6ED5FDE1-4722-4566-BFDA-41C8FDC8872C}.Debug|Any CPU.Build.0 = Debug|Any CPU
		{6ED5FDE1-4722-4566-BFDA-41C8FDC8872C}.Debug|x64.ActiveCfg = Debug|x64
		{6ED5FDE1-4722-4566-BFDA-41C8FDC8872C}.Debug|x64.Build.0 = Debug|x64
		{6ED5FDE1-4722-4566-BFDA-41C8FDC8872C}.Debug|x86.ActiveCfg = Debug|x86
		{6ED5FDE1-4722-4566-BFDA-41C8FDC8872C}.Debug|x86.Build.0 = Debug|x86
		{6ED5FDE1-4722-4566-BFDA-41C8FDC8872C}.Release|Any CPU.ActiveCfg = Release|Any CPU
		{6ED5FDE1-4722-4566-BFDA-41C8FDC8872C}.Release|Any CPU.Build.0 = Release|Any CPU
		{6ED5FDE1-4722-4566-BFDA-41C8FDC8872C}.Release|x64.ActiveCfg = Release|x64
		{6ED5FDE1-4722-4566-BFDA-41C8FDC8872C}.Release|x64.Build.0 = Release|x64
		{6ED5FDE1-4722-4566-BFDA-41C8FDC8872C}.Release|x86.ActiveCfg = Release|x64
		{6ED5FDE1-4722-4566-BFDA-41C8FDC8872C}.Release|x86.Build.0 = Release|x64
		{4C75A441-9386-41A2-B113-7B03A2305563}.Debug|Any CPU.ActiveCfg = Debug|Any CPU
		{4C75A441-9386-41A2-B113-7B03A2305563}.Debug|Any CPU.Build.0 = Debug|Any CPU
		{4C75A441-9386-41A2-B113-7B03A2305563}.Debug|x64.ActiveCfg = Debug|x64
		{4C75A441-9386-41A2-B113-7B03A2305563}.Debug|x64.Build.0 = Debug|x64
		{4C75A441-9386-41A2-B113-7B03A2305563}.Debug|x86.ActiveCfg = Debug|x86
		{4C75A441-9386-41A2-B113-7B03A2305563}.Debug|x86.Build.0 = Debug|x86
		{4C75A441-9386-41A2-B113-7B03A2305563}.Release|Any CPU.ActiveCfg = Release|Any CPU
		{4C75A441-9386-41A2-B113-7B03A2305563}.Release|Any CPU.Build.0 = Release|Any CPU
		{4C75A441-9386-41A2-B113-7B03A2305563}.Release|x64.ActiveCfg = Release|x64
		{4C75A441-9386-41A2-B113-7B03A2305563}.Release|x64.Build.0 = Release|x64
		{4C75A441-9386-41A2-B113-7B03A2305563}.Release|x86.ActiveCfg = Release|x64
		{4C75A441-9386-41A2-B113-7B03A2305563}.Release|x86.Build.0 = Release|x64
		{108CCE99-ABD4-4373-B694-3B4A74F658A3}.Debug|Any CPU.ActiveCfg = Debug|Any CPU
		{108CCE99-ABD4-4373-B694-3B4A74F658A3}.Debug|Any CPU.Build.0 = Debug|Any CPU
		{108CCE99-ABD4-4373-B694-3B4A74F658A3}.Debug|Any CPU.Deploy.0 = Debug|Any CPU
		{108CCE99-ABD4-4373-B694-3B4A74F658A3}.Debug|x64.ActiveCfg = Debug|x64
		{108CCE99-ABD4-4373-B694-3B4A74F658A3}.Debug|x64.Build.0 = Debug|x64
		{108CCE99-ABD4-4373-B694-3B4A74F658A3}.Debug|x64.Deploy.0 = Debug|x64
		{108CCE99-ABD4-4373-B694-3B4A74F658A3}.Debug|x86.ActiveCfg = Debug|x86
		{108CCE99-ABD4-4373-B694-3B4A74F658A3}.Debug|x86.Build.0 = Debug|x86
		{108CCE99-ABD4-4373-B694-3B4A74F658A3}.Release|Any CPU.ActiveCfg = Release|Any CPU
		{108CCE99-ABD4-4373-B694-3B4A74F658A3}.Release|Any CPU.Build.0 = Release|Any CPU
		{108CCE99-ABD4-4373-B694-3B4A74F658A3}.Release|x64.ActiveCfg = Release|x64
		{108CCE99-ABD4-4373-B694-3B4A74F658A3}.Release|x64.Build.0 = Release|x64
		{108CCE99-ABD4-4373-B694-3B4A74F658A3}.Release|x86.ActiveCfg = Release|x64
		{108CCE99-ABD4-4373-B694-3B4A74F658A3}.Release|x86.Build.0 = Release|x64
		{FFDEF520-3ED2-416D-AC57-12BB20D20328}.Debug|Any CPU.ActiveCfg = Debug|Any CPU
		{FFDEF520-3ED2-416D-AC57-12BB20D20328}.Debug|Any CPU.Build.0 = Debug|Any CPU
		{FFDEF520-3ED2-416D-AC57-12BB20D20328}.Debug|x64.ActiveCfg = Debug|x64
		{FFDEF520-3ED2-416D-AC57-12BB20D20328}.Debug|x64.Build.0 = Debug|x64
		{FFDEF520-3ED2-416D-AC57-12BB20D20328}.Debug|x86.ActiveCfg = Debug|x86
		{FFDEF520-3ED2-416D-AC57-12BB20D20328}.Debug|x86.Build.0 = Debug|x86
		{FFDEF520-3ED2-416D-AC57-12BB20D20328}.Release|Any CPU.ActiveCfg = Release|Any CPU
		{FFDEF520-3ED2-416D-AC57-12BB20D20328}.Release|Any CPU.Build.0 = Release|Any CPU
		{FFDEF520-3ED2-416D-AC57-12BB20D20328}.Release|x64.ActiveCfg = Release|x64
		{FFDEF520-3ED2-416D-AC57-12BB20D20328}.Release|x64.Build.0 = Release|x64
		{FFDEF520-3ED2-416D-AC57-12BB20D20328}.Release|x86.ActiveCfg = Release|x64
		{FFDEF520-3ED2-416D-AC57-12BB20D20328}.Release|x86.Build.0 = Release|x64
		{4CB4CE03-1BEB-4FFF-923C-CA28723288DD}.Debug|Any CPU.ActiveCfg = Debug|Any CPU
		{4CB4CE03-1BEB-4FFF-923C-CA28723288DD}.Debug|Any CPU.Build.0 = Debug|Any CPU
		{4CB4CE03-1BEB-4FFF-923C-CA28723288DD}.Debug|x64.ActiveCfg = Debug|x64
		{4CB4CE03-1BEB-4FFF-923C-CA28723288DD}.Debug|x64.Build.0 = Debug|x64
		{4CB4CE03-1BEB-4FFF-923C-CA28723288DD}.Debug|x86.ActiveCfg = Debug|x86
		{4CB4CE03-1BEB-4FFF-923C-CA28723288DD}.Debug|x86.Build.0 = Debug|x86
		{4CB4CE03-1BEB-4FFF-923C-CA28723288DD}.Release|Any CPU.ActiveCfg = Release|Any CPU
		{4CB4CE03-1BEB-4FFF-923C-CA28723288DD}.Release|Any CPU.Build.0 = Release|Any CPU
		{4CB4CE03-1BEB-4FFF-923C-CA28723288DD}.Release|x64.ActiveCfg = Release|x64
		{4CB4CE03-1BEB-4FFF-923C-CA28723288DD}.Release|x64.Build.0 = Release|x64
		{4CB4CE03-1BEB-4FFF-923C-CA28723288DD}.Release|x86.ActiveCfg = Release|x64
		{4CB4CE03-1BEB-4FFF-923C-CA28723288DD}.Release|x86.Build.0 = Release|x64
	EndGlobalSection
	GlobalSection(SolutionProperties) = preSolution
		HideSolutionNode = FALSE
	EndGlobalSection
	GlobalSection(NestedProjects) = preSolution
		{3CBF5471-065D-4761-8A05-72DCF95336B0} = {8CCB412E-A7BB-4353-BB5F-229482A4BBD6}
		{02FE33AF-1E06-4F71-8549-84400F59FE91} = {8CCB412E-A7BB-4353-BB5F-229482A4BBD6}
		{7BCF5421-0C1E-45E6-BC42-C4F59E386251} = {8CCB412E-A7BB-4353-BB5F-229482A4BBD6}
		{6ED5FDE1-4722-4566-BFDA-41C8FDC8872C} = {3D913FFE-260C-4C06-B09E-4B0AC8452ADC}
		{4C75A441-9386-41A2-B113-7B03A2305563} = {3D913FFE-260C-4C06-B09E-4B0AC8452ADC}
		{108CCE99-ABD4-4373-B694-3B4A74F658A3} = {3D913FFE-260C-4C06-B09E-4B0AC8452ADC}
		{FFDEF520-3ED2-416D-AC57-12BB20D20328} = {3D913FFE-260C-4C06-B09E-4B0AC8452ADC}
		{4CB4CE03-1BEB-4FFF-923C-CA28723288DD} = {3D913FFE-260C-4C06-B09E-4B0AC8452ADC}
	EndGlobalSection
	GlobalSection(ExtensibilityGlobals) = postSolution
		SolutionGuid = {1703BCB0-2301-40C2-8520-160481DC7929}
	EndGlobalSection
EndGlobal
