
Microsoft Visual Studio Solution File, Format Version 12.00
# Visual Studio 15
VisualStudioVersion = 15.0.27130.2010
MinimumVisualStudioVersion = 10.0.40219.1
Project("{8BC9CEB8-8B4A-11D0-8D11-00A0C91BC942}") = "DragonHook", "DragonHook\DragonHook.vcxproj", "{222ACA2B-B61D-40F9-B819-D66B091DDD29}"
	ProjectSection(ProjectDependencies) = postProject
		{5816E439-7FB0-40D3-ACC5-FC16150E6932} = {5816E439-7FB0-40D3-ACC5-FC16150E6932}
	EndProjectSection
EndProject
Project("{8BC9CEB8-8B4A-11D0-8D11-00A0C91BC942}") = "DragonLauncher", "DragonLauncher\DragonLauncher\DragonLauncher.vcxproj", "{5816E439-7FB0-40D3-ACC5-FC16150E6932}"
EndProject
Global
	GlobalSection(SolutionConfigurationPlatforms) = preSolution
		Debug|x64 = Debug|x64
		Debug|x86 = Debug|x86
		Release|x64 = Release|x64
		Release|x86 = Release|x86
	EndGlobalSection
	GlobalSection(ProjectConfigurationPlatforms) = postSolution
		{222ACA2B-B61D-40F9-B819-D66B091DDD29}.Debug|x64.ActiveCfg = Debug|x64
		{222ACA2B-B61D-40F9-B819-D66B091DDD29}.Debug|x64.Build.0 = Debug|x64
		{222ACA2B-B61D-40F9-B819-D66B091DDD29}.Debug|x86.ActiveCfg = Debug|Win32
		{222ACA2B-B61D-40F9-B819-D66B091DDD29}.Debug|x86.Build.0 = Debug|Win32
		{222ACA2B-B61D-40F9-B819-D66B091DDD29}.Release|x64.ActiveCfg = Release|x64
		{222ACA2B-B61D-40F9-B819-D66B091DDD29}.Release|x64.Build.0 = Release|x64
		{222ACA2B-B61D-40F9-B819-D66B091DDD29}.Release|x86.ActiveCfg = Release|Win32
		{222ACA2B-B61D-40F9-B819-D66B091DDD29}.Release|x86.Build.0 = Release|Win32
		{5816E439-7FB0-40D3-ACC5-FC16150E6932}.Debug|x64.ActiveCfg = Debug|x64
		{5816E439-7FB0-40D3-ACC5-FC16150E6932}.Debug|x64.Build.0 = Debug|x64
		{5816E439-7FB0-40D3-ACC5-FC16150E6932}.Debug|x86.ActiveCfg = Debug|Win32
		{5816E439-7FB0-40D3-ACC5-FC16150E6932}.Debug|x86.Build.0 = Debug|Win32
		{5816E439-7FB0-40D3-ACC5-FC16150E6932}.Release|x64.ActiveCfg = Release|x64
		{5816E439-7FB0-40D3-ACC5-FC16150E6932}.Release|x64.Build.0 = Release|x64
		{5816E439-7FB0-40D3-ACC5-FC16150E6932}.Release|x86.ActiveCfg = Release|Win32
		{5816E439-7FB0-40D3-ACC5-FC16150E6932}.Release|x86.Build.0 = Release|Win32
	EndGlobalSection
	GlobalSection(SolutionProperties) = preSolution
		HideSolutionNode = FALSE
	EndGlobalSection
	GlobalSection(ExtensibilityGlobals) = postSolution
		SolutionGuid = {A064648E-9BA5-4FF3-BFD6-BA5494494353}
	EndGlobalSection
EndGlobal
